# THIS IS AN AUTOGENERATED FILE. DO NOT EDIT THIS FILE DIRECTLY.
# yarn lockfile v1


aws-sdk@~2.5.2:
  version "2.5.6"
  resolved "https://registry.yarnpkg.com/aws-sdk/-/aws-sdk-2.5.6.tgz#476abcd8398f4dc27a987d49d21d43a489f18cd6"
  integrity sha1-R2q82DmPTcJ6mH1J0h1DpInxjNY=
  dependencies:
    jmespath "0.15.0"
    sax "1.1.5"
    xml2js "0.4.15"
    xmlbuilder "2.6.2"

bluebird@~3.4.1:
  version "3.4.7"
  resolved "https://registry.yarnpkg.com/bluebird/-/bluebird-3.4.7.tgz#f72d760be09b7f76d08ed8fae98b289a8d05fab3"
  integrity sha1-9y12C+Cbf3bQjtj66Ysomo0F+rM=

coffeescript@^2.3.2:
  version "2.3.2"
  resolved "https://registry.yarnpkg.com/coffeescript/-/coffeescript-2.3.2.tgz#e854a7020dfe47b7cf4dd412042e32ef1e269810"
  integrity sha512-YObiFDoukx7qPBi/K0kUKyntEZDfBQiqs/DbrR1xzASKOBjGT7auD85/DiPeRr9k++lRj7l3uA9TNMLfyfcD/Q==

extend@~3.x:
  version "3.0.2"
  resolved "https://registry.yarnpkg.com/extend/-/extend-3.0.2.tgz#f8b1136b4071fbd8eb140aff858b1019ec2915fa"
  integrity sha512-fjquC59cD7CyW6urNXK0FBufkZcoiGG80wTuPujX590cB5Ttln20E2UB4S/WARVqhXffZl2LNgS+gQdPIIim/g==

jmespath@0.15.0:
  version "0.15.0"
  resolved "https://registry.yarnpkg.com/jmespath/-/jmespath-0.15.0.tgz#a3f222a9aae9f966f5d27c796510e28091764217"
  integrity sha1-o/Iiqarp+Wb10nx5ZRDigJF2Qhc=

lodash@~3.5.0:
  version "3.5.0"
  resolved "https://registry.yarnpkg.com/lodash/-/lodash-3.5.0.tgz#19bb3f4d51278f0b8c818ed145c74ecf9fe40e6d"
  integrity sha1-Gbs/TVEnjwuMgY7RRcdOz5/kDm0=

s3fs@^2.4.2:
  version "2.5.0"
  resolved "https://registry.yarnpkg.com/s3fs/-/s3fs-2.5.0.tgz#9292e5fe31958be5394651540634c2768223487e"
  integrity sha1-kpLl/jGVi+U5RlFUBjTCdoIjSH4=
  dependencies:
    aws-sdk "~2.5.2"
    bluebird "~3.4.1"
    extend "~3.x"

sax@1.1.5:
  version "1.1.5"
  resolved "https://registry.yarnpkg.com/sax/-/sax-1.1.5.tgz#1da50a8d00cdecd59405659f5ff85349fe773743"
  integrity sha1-HaUKjQDN7NWUBWWfX/hTSf53N0M=

sax@>=0.6.0:
  version "1.2.4"
  resolved "https://registry.yarnpkg.com/sax/-/sax-1.2.4.tgz#2816234e2378bddc4e5354fab5caa895df7100d9"
  integrity sha512-NqVDv9TpANUjFm0N8uM5GxL36UgKi9/atZw+x7YFnQ8ckwFGKrl4xX4yWtrey3UJm5nP1kUbnYgLopqWNSRhWw==

xml2js@0.4.15:
  version "0.4.15"
  resolved "https://registry.yarnpkg.com/xml2js/-/xml2js-0.4.15.tgz#95cd03ff2dd144ec28bc6273bf2b2890c581ad0c"
  integrity sha1-lc0D/y3RROwovGJzvysokMWBrQw=
  dependencies:
    sax ">=0.6.0"
    xmlbuilder ">=2.4.6"

xmlbuilder@2.6.2:
  version "2.6.2"
  resolved "https://registry.yarnpkg.com/xmlbuilder/-/xmlbuilder-2.6.2.tgz#f916f6d10d45dc171b1be2e6e673fb6e0cc35d0a"
  integrity sha1-+Rb20Q1F3BcbG+Lm5nP7bgzDXQo=
  dependencies:
    lodash "~3.5.0"

xmlbuilder@>=2.4.6:
  version "10.0.0"
  resolved "https://registry.yarnpkg.com/xmlbuilder/-/xmlbuilder-10.0.0.tgz#c64e52f8ae097fe5fd46d1c38adaade071ee1b55"
  integrity sha512-7RWHlmF1yU/E++BZkRQTEv8ZFAhZ+YHINUAxiZ5LQTKRQq//igpiY8rh7dJqPzgb/IzeC5jH9P7OaCERfM9DwA==
